
Microsoft Visual Studio Solution File, Format Version 12.00
# Visual Studio Version 16
VisualStudioVersion = 16.0.31515.178
MinimumVisualStudioVersion = 10.0.40219.1
Project("{FAE04EC0-301F-11D3-BF4B-00C04F79EFBC}") = "DemoAmazonTranscribe", "DemoAmazonTranscribe\DemoAmazonTranscribe.csproj", "{6DDB288F-1631-4AE6-B334-5FD86BCBD4BB}"
EndProject
Global
	GlobalSection(SolutionConfigurationPlatforms) = preSolution
		Debug|Any CPU = Debug|Any CPU
		Release|Any CPU = Release|Any CPU
	EndGlobalSection
	GlobalSection(ProjectConfigurationPlatforms) = postSolution
		{6DDB288F-1631-4AE6-B334-5FD86BCBD4BB}.Debug|Any CPU.ActiveCfg = Debug|Any CPU
		{6DDB288F-1631-4AE6-B334-5FD86BCBD4BB}.Debug|Any CPU.Build.0 = Debug|Any CPU
		{6DDB288F-1631-4AE6-B334-5FD86BCBD4BB}.Release|Any CPU.ActiveCfg = Release|Any CPU
		{6DDB288F-1631-4AE6-B334-5FD86BCBD4BB}.Release|Any CPU.Build.0 = Release|Any CPU
	EndGlobalSection
	GlobalSection(SolutionProperties) = preSolution
		HideSolutionNode = FALSE
	EndGlobalSection
	GlobalSection(ExtensibilityGlobals) = postSolution
		SolutionGuid = {09FF12F8-BEB6-406A-858B-1B649ABED2BB}
	EndGlobalSection
EndGlobal
